
Microsoft Visual Studio Solution File, Format Version 12.00
# Visual Studio Version 16
VisualStudioVersion = 16.0.30907.101
MinimumVisualStudioVersion = 10.0.40219.1
Project("{FAE04EC0-301F-11D3-BF4B-00C04F79EFBC}") = "Prueba1", "Prueba1\Prueba1.csproj", "{66ED40EF-9518-4338-B4FE-AE0EE46D93E3}"
EndProject
Global
	GlobalSection(SolutionConfigurationPlatforms) = preSolution
		Debug|Any CPU = Debug|Any CPU
		Release|Any CPU = Release|Any CPU
	EndGlobalSection
	GlobalSection(ProjectConfigurationPlatforms) = postSolution
		{66ED40EF-9518-4338-B4FE-AE0EE46D93E3}.Debug|Any CPU.ActiveCfg = Debug|Any CPU
		{66ED40EF-9518-4338-B4FE-AE0EE46D93E3}.Debug|Any CPU.Build.0 = Debug|Any CPU
		{66ED40EF-9518-4338-B4FE-AE0EE46D93E3}.Release|Any CPU.ActiveCfg = Release|Any CPU
		{66ED40EF-9518-4338-B4FE-AE0EE46D93E3}.Release|Any CPU.Build.0 = Release|Any CPU
	EndGlobalSection
	GlobalSection(SolutionProperties) = preSolution
		HideSolutionNode = FALSE
	EndGlobalSection
	GlobalSection(ExtensibilityGlobals) = postSolution
		SolutionGuid = {C72EA62C-1EF0-4425-8172-365CB6D1C76D}
	EndGlobalSection
EndGlobal
