
Microsoft Visual Studio Solution File, Format Version 12.00
# Visual Studio Version 16
VisualStudioVersion = 16.0.30907.101
MinimumVisualStudioVersion = 10.0.40219.1
Project("{FAE04EC0-301F-11D3-BF4B-00C04F79EFBC}") = "HolaMundo", "HolaMundo\HolaMundo.csproj", "{FA11EA8C-1C2C-46DA-8BB0-E9856CA15D09}"
EndProject
Global
	GlobalSection(SolutionConfigurationPlatforms) = preSolution
		Debug|Any CPU = Debug|Any CPU
		Release|Any CPU = Release|Any CPU
	EndGlobalSection
	GlobalSection(ProjectConfigurationPlatforms) = postSolution
		{FA11EA8C-1C2C-46DA-8BB0-E9856CA15D09}.Debug|Any CPU.ActiveCfg = Debug|Any CPU
		{FA11EA8C-1C2C-46DA-8BB0-E9856CA15D09}.Debug|Any CPU.Build.0 = Debug|Any CPU
		{FA11EA8C-1C2C-46DA-8BB0-E9856CA15D09}.Release|Any CPU.ActiveCfg = Release|Any CPU
		{FA11EA8C-1C2C-46DA-8BB0-E9856CA15D09}.Release|Any CPU.Build.0 = Release|Any CPU
	EndGlobalSection
	GlobalSection(SolutionProperties) = preSolution
		HideSolutionNode = FALSE
	EndGlobalSection
	GlobalSection(ExtensibilityGlobals) = postSolution
		SolutionGuid = {1377D9BE-948D-453A-A758-DF9695F11D94}
	EndGlobalSection
EndGlobal
