
Microsoft Visual Studio Solution File, Format Version 12.00
# Visual Studio Version 16
VisualStudioVersion = 16.0.30907.101
MinimumVisualStudioVersion = 10.0.40219.1
Project("{FAE04EC0-301F-11D3-BF4B-00C04F79EFBC}") = "EjemploConversion", "EjemploConversion\EjemploConversion.csproj", "{83762325-0B2D-4927-8590-D08F9209EBD7}"
EndProject
Global
	GlobalSection(SolutionConfigurationPlatforms) = preSolution
		Debug|Any CPU = Debug|Any CPU
		Release|Any CPU = Release|Any CPU
	EndGlobalSection
	GlobalSection(ProjectConfigurationPlatforms) = postSolution
		{83762325-0B2D-4927-8590-D08F9209EBD7}.Debug|Any CPU.ActiveCfg = Debug|Any CPU
		{83762325-0B2D-4927-8590-D08F9209EBD7}.Debug|Any CPU.Build.0 = Debug|Any CPU
		{83762325-0B2D-4927-8590-D08F9209EBD7}.Release|Any CPU.ActiveCfg = Release|Any CPU
		{83762325-0B2D-4927-8590-D08F9209EBD7}.Release|Any CPU.Build.0 = Release|Any CPU
	EndGlobalSection
	GlobalSection(SolutionProperties) = preSolution
		HideSolutionNode = FALSE
	EndGlobalSection
	GlobalSection(ExtensibilityGlobals) = postSolution
		SolutionGuid = {E9D7083D-55CE-4B33-A8C6-24A55C4B9E52}
	EndGlobalSection
EndGlobal
