
Microsoft Visual Studio Solution File, Format Version 12.00
# Visual Studio Version 16
VisualStudioVersion = 16.0.31005.135
MinimumVisualStudioVersion = 10.0.40219.1
Project("{FAE04EC0-301F-11D3-BF4B-00C04F79EFBC}") = "Reloj-fecha-tiempo-real", "Reloj-fecha-tiempo-real\Reloj-fecha-tiempo-real.csproj", "{2C37B753-F0B2-4462-B0AC-B74475AA2C01}"
EndProject
Global
	GlobalSection(SolutionConfigurationPlatforms) = preSolution
		Debug|Any CPU = Debug|Any CPU
		Release|Any CPU = Release|Any CPU
	EndGlobalSection
	GlobalSection(ProjectConfigurationPlatforms) = postSolution
		{2C37B753-F0B2-4462-B0AC-B74475AA2C01}.Debug|Any CPU.ActiveCfg = Debug|Any CPU
		{2C37B753-F0B2-4462-B0AC-B74475AA2C01}.Debug|Any CPU.Build.0 = Debug|Any CPU
		{2C37B753-F0B2-4462-B0AC-B74475AA2C01}.Release|Any CPU.ActiveCfg = Release|Any CPU
		{2C37B753-F0B2-4462-B0AC-B74475AA2C01}.Release|Any CPU.Build.0 = Release|Any CPU
	EndGlobalSection
	GlobalSection(SolutionProperties) = preSolution
		HideSolutionNode = FALSE
	EndGlobalSection
	GlobalSection(ExtensibilityGlobals) = postSolution
		SolutionGuid = {2564E6E6-E885-4BEA-BF56-94E2BCB4FE3B}
	EndGlobalSection
EndGlobal
